
Microsoft Visual Studio Solution File, Format Version 12.00
# Visual Studio 15
VisualStudioVersion = 15.0.26730.15
MinimumVisualStudioVersion = 10.0.40219.1
Project("{FAE04EC0-301F-11D3-BF4B-00C04F79EFBC}") = "MegaDesk", "MegaDesk\MegaDesk.csproj", "{9AFDEA96-847C-4BFA-865A-D9402366F4A7}"
EndProject
Global
	GlobalSection(SolutionConfigurationPlatforms) = preSolution
		Debug|Any CPU = Debug|Any CPU
		Release|Any CPU = Release|Any CPU
	EndGlobalSection
	GlobalSection(ProjectConfigurationPlatforms) = postSolution
		{9AFDEA96-847C-4BFA-865A-D9402366F4A7}.Debug|Any CPU.ActiveCfg = Debug|Any CPU
		{9AFDEA96-847C-4BFA-865A-D9402366F4A7}.Debug|Any CPU.Build.0 = Debug|Any CPU
		{9AFDEA96-847C-4BFA-865A-D9402366F4A7}.Release|Any CPU.ActiveCfg = Release|Any CPU
		{9AFDEA96-847C-4BFA-865A-D9402366F4A7}.Release|Any CPU.Build.0 = Release|Any CPU
	EndGlobalSection
	GlobalSection(SolutionProperties) = preSolution
		HideSolutionNode = FALSE
	EndGlobalSection
	GlobalSection(ExtensibilityGlobals) = postSolution
		SolutionGuid = {60380841-84BE-415B-A6F8-A5C324C945CD}
	EndGlobalSection
EndGlobal
